
Microsoft Visual Studio Solution File, Format Version 12.00
# Visual Studio Version 17
VisualStudioVersion = 17.5.2.0
MinimumVisualStudioVersion = 10.0.40219.1
Project("{FAE04EC0-301F-11D3-BF4B-00C04F79EFBC}") = "код", "код.csproj", "{470DE6A4-1B86-F9B6-8ED5-91D73AB6A86B}"
EndProject
Global
	GlobalSection(SolutionConfigurationPlatforms) = preSolution
		Debug|Any CPU = Debug|Any CPU
		Release|Any CPU = Release|Any CPU
	EndGlobalSection
	GlobalSection(ProjectConfigurationPlatforms) = postSolution
		{470DE6A4-1B86-F9B6-8ED5-91D73AB6A86B}.Debug|Any CPU.ActiveCfg = Debug|Any CPU
		{470DE6A4-1B86-F9B6-8ED5-91D73AB6A86B}.Debug|Any CPU.Build.0 = Debug|Any CPU
		{470DE6A4-1B86-F9B6-8ED5-91D73AB6A86B}.Release|Any CPU.ActiveCfg = Release|Any CPU
		{470DE6A4-1B86-F9B6-8ED5-91D73AB6A86B}.Release|Any CPU.Build.0 = Release|Any CPU
	EndGlobalSection
	GlobalSection(SolutionProperties) = preSolution
		HideSolutionNode = FALSE
	EndGlobalSection
	GlobalSection(ExtensibilityGlobals) = postSolution
		SolutionGuid = {ED0A33F8-274F-405D-BC6F-5191912C3E96}
	EndGlobalSection
EndGlobal
